
Microsoft Visual Studio Solution File, Format Version 12.00
# Visual Studio Version 17
VisualStudioVersion = 17.9.34728.123
MinimumVisualStudioVersion = 10.0.40219.1
Project("{9A19103F-16F7-4668-BE54-9A1E7A4F7556}") = "BookStoreWeb", "BookStoreWeb\BookStoreWeb.csproj", "{D1F9EBFB-3A26-4DDF-B33D-6DE32A9769D1}"
EndProject
Project("{9A19103F-16F7-4668-BE54-9A1E7A4F7556}") = "BookStore.Models", "BookStore.Models\BookStore.Models.csproj", "{59979FF1-CA94-4EEF-913F-5A67DAF2E919}"
EndProject
Project("{9A19103F-16F7-4668-BE54-9A1E7A4F7556}") = "BookStore.DataAccess", "BookStore.DataAccess\BookStore.DataAccess.csproj", "{7EAE85F9-3FC5-464E-B946-FE00EC05475D}"
EndProject
Project("{FAE04EC0-301F-11D3-BF4B-00C04F79EFBC}") = "BookStore.Utility", "BookStore.Utility\BookStore.Utility.csproj", "{C1DB85DC-6A43-4D39-8024-5AF3A4BF92E6}"
EndProject
Global
	GlobalSection(SolutionConfigurationPlatforms) = preSolution
		Debug|Any CPU = Debug|Any CPU
		Release|Any CPU = Release|Any CPU
	EndGlobalSection
	GlobalSection(ProjectConfigurationPlatforms) = postSolution
		{D1F9EBFB-3A26-4DDF-B33D-6DE32A9769D1}.Debug|Any CPU.ActiveCfg = Debug|Any CPU
		{D1F9EBFB-3A26-4DDF-B33D-6DE32A9769D1}.Debug|Any CPU.Build.0 = Debug|Any CPU
		{D1F9EBFB-3A26-4DDF-B33D-6DE32A9769D1}.Release|Any CPU.ActiveCfg = Release|Any CPU
		{D1F9EBFB-3A26-4DDF-B33D-6DE32A9769D1}.Release|Any CPU.Build.0 = Release|Any CPU
		{59979FF1-CA94-4EEF-913F-5A67DAF2E919}.Debug|Any CPU.ActiveCfg = Debug|Any CPU
		{59979FF1-CA94-4EEF-913F-5A67DAF2E919}.Debug|Any CPU.Build.0 = Debug|Any CPU
		{59979FF1-CA94-4EEF-913F-5A67DAF2E919}.Release|Any CPU.ActiveCfg = Release|Any CPU
		{59979FF1-CA94-4EEF-913F-5A67DAF2E919}.Release|Any CPU.Build.0 = Release|Any CPU
		{7EAE85F9-3FC5-464E-B946-FE00EC05475D}.Debug|Any CPU.ActiveCfg = Debug|Any CPU
		{7EAE85F9-3FC5-464E-B946-FE00EC05475D}.Debug|Any CPU.Build.0 = Debug|Any CPU
		{7EAE85F9-3FC5-464E-B946-FE00EC05475D}.Release|Any CPU.ActiveCfg = Release|Any CPU
		{7EAE85F9-3FC5-464E-B946-FE00EC05475D}.Release|Any CPU.Build.0 = Release|Any CPU
		{C1DB85DC-6A43-4D39-8024-5AF3A4BF92E6}.Debug|Any CPU.ActiveCfg = Debug|Any CPU
		{C1DB85DC-6A43-4D39-8024-5AF3A4BF92E6}.Debug|Any CPU.Build.0 = Debug|Any CPU
		{C1DB85DC-6A43-4D39-8024-5AF3A4BF92E6}.Release|Any CPU.ActiveCfg = Release|Any CPU
		{C1DB85DC-6A43-4D39-8024-5AF3A4BF92E6}.Release|Any CPU.Build.0 = Release|Any CPU
	EndGlobalSection
	GlobalSection(SolutionProperties) = preSolution
		HideSolutionNode = FALSE
	EndGlobalSection
	GlobalSection(ExtensibilityGlobals) = postSolution
		SolutionGuid = {A822A55D-AAC2-4E4F-A477-A6E6AB060BFB}
	EndGlobalSection
EndGlobal
